
Microsoft Visual Studio Solution File, Format Version 12.00
# Visual Studio Version 17
VisualStudioVersion = 17.14.37531.7
MinimumVisualStudioVersion = 10.0.40219.1
Project("{FAE04EC0-301F-11D3-BF4B-00C04F79EFBC}") = "RankingService.API", "RankingService.API\RankingService.API.csproj", "{A083EA5C-2FCC-49F3-B56D-26329627E6E4}"
EndProject
Project("{FAE04EC0-301F-11D3-BF4B-00C04F79EFBC}") = "RankingService.Domain", "RankingService.Domain\RankingService.Domain\RankingService.Domain.csproj", "{1A0A7540-E42B-437B-B944-5204C229A864}"
EndProject
Project("{FAE04EC0-301F-11D3-BF4B-00C04F79EFBC}") = "RankingService.Application", "RankingService.Application\RankingService.Application\RankingService.Application.csproj", "{09FE2F07-E859-4CFA-A780-60D4395DF5ED}"
EndProject
Project("{FAE04EC0-301F-11D3-BF4B-00C04F79EFBC}") = "RankingService.Infrastructure", "RankingService.Infrastructure\RankingService.Infrastructur\RankingService.Infrastructure.csproj", "{688E5232-C4DB-41EF-83C4-62CF7745D231}"
EndProject
Project("{FAE04EC0-301F-11D3-BF4B-00C04F79EFBC}") = "Forum.Contracts", "..\..\Forum.Contracts\Forum.Contracts\Forum.Contracts\Forum.Contracts.csproj", "{FD82FCB9-F5AB-6695-B57D-028AD073943A}"
EndProject
Global
	GlobalSection(SolutionConfigurationPlatforms) = preSolution
		Debug|Any CPU = Debug|Any CPU
		Release|Any CPU = Release|Any CPU
	EndGlobalSection
	GlobalSection(ProjectConfigurationPlatforms) = postSolution
		{A083EA5C-2FCC-49F3-B56D-26329627E6E4}.Debug|Any CPU.ActiveCfg = Debug|Any CPU
		{A083EA5C-2FCC-49F3-B56D-26329627E6E4}.Debug|Any CPU.Build.0 = Debug|Any CPU
		{A083EA5C-2FCC-49F3-B56D-26329627E6E4}.Release|Any CPU.ActiveCfg = Release|Any CPU
		{A083EA5C-2FCC-49F3-B56D-26329627E6E4}.Release|Any CPU.Build.0 = Release|Any CPU
		{1A0A7540-E42B-437B-B944-5204C229A864}.Debug|Any CPU.ActiveCfg = Debug|Any CPU
		{1A0A7540-E42B-437B-B944-5204C229A864}.Debug|Any CPU.Build.0 = Debug|Any CPU
		{1A0A7540-E42B-437B-B944-5204C229A864}.Release|Any CPU.ActiveCfg = Release|Any CPU
		{1A0A7540-E42B-437B-B944-5204C229A864}.Release|Any CPU.Build.0 = Release|Any CPU
		{09FE2F07-E859-4CFA-A780-60D4395DF5ED}.Debug|Any CPU.ActiveCfg = Debug|Any CPU
		{09FE2F07-E859-4CFA-A780-60D4395DF5ED}.Debug|Any CPU.Build.0 = Debug|Any CPU
		{09FE2F07-E859-4CFA-A780-60D4395DF5ED}.Release|Any CPU.ActiveCfg = Release|Any CPU
		{09FE2F07-E859-4CFA-A780-60D4395DF5ED}.Release|Any CPU.Build.0 = Release|Any CPU
		{688E5232-C4DB-41EF-83C4-62CF7745D231}.Debug|Any CPU.ActiveCfg = Debug|Any CPU
		{688E5232-C4DB-41EF-83C4-62CF7745D231}.Debug|Any CPU.Build.0 = Debug|Any CPU
		{688E5232-C4DB-41EF-83C4-62CF7745D231}.Release|Any CPU.ActiveCfg = Release|Any CPU
		{688E5232-C4DB-41EF-83C4-62CF7745D231}.Release|Any CPU.Build.0 = Release|Any CPU
		{FD82FCB9-F5AB-6695-B57D-028AD073943A}.Debug|Any CPU.ActiveCfg = Debug|Any CPU
		{FD82FCB9-F5AB-6695-B57D-028AD073943A}.Debug|Any CPU.Build.0 = Debug|Any CPU
		{FD82FCB9-F5AB-6695-B57D-028AD073943A}.Release|Any CPU.ActiveCfg = Release|Any CPU
		{FD82FCB9-F5AB-6695-B57D-028AD073943A}.Release|Any CPU.Build.0 = Release|Any CPU
	EndGlobalSection
	GlobalSection(SolutionProperties) = preSolution
		HideSolutionNode = FALSE
	EndGlobalSection
	GlobalSection(ExtensibilityGlobals) = postSolution
		SolutionGuid = {0FF2BE99-D808-4E49-A196-83F8711BEB0B}
	EndGlobalSection
EndGlobal
