
Microsoft Visual Studio Solution File, Format Version 12.00
# Visual Studio Version 17
VisualStudioVersion = 17.14.37531.7
MinimumVisualStudioVersion = 10.0.40219.1
Project("{FAE04EC0-301F-11D3-BF4B-00C04F79EFBC}") = "VotesService.API", "VotesService.API\VotesService.API.csproj", "{2AC7F07E-BF10-4CEE-AE9F-78DEDDF2E432}"
EndProject
Project("{FAE04EC0-301F-11D3-BF4B-00C04F79EFBC}") = "VotesService.Domain", "VotesService.Domain\VotesService.Domain\VotesService.Domain.csproj", "{30B9F596-4F0C-4F21-83ED-A9E1B8B5AC91}"
EndProject
Project("{FAE04EC0-301F-11D3-BF4B-00C04F79EFBC}") = "VotesService.Application", "VotesService.Application\VotesService.Application\VotesService.Application.csproj", "{F26920C5-D566-4F6E-9EF5-83C89452C4C3}"
EndProject
Project("{FAE04EC0-301F-11D3-BF4B-00C04F79EFBC}") = "VotesService.Infrastructure", "VotesService.Infrastructure\VotesService.Infrastructure\VotesService.Infrastructure.csproj", "{93BACC1B-D136-4C88-A8D2-244E45508BB5}"
EndProject
Project("{FAE04EC0-301F-11D3-BF4B-00C04F79EFBC}") = "Forum.Contracts", "..\..\Forum.Contracts\Forum.Contracts\Forum.Contracts\Forum.Contracts.csproj", "{FD82FCB9-F5AB-6695-B57D-028AD073943A}"
EndProject
Global
	GlobalSection(SolutionConfigurationPlatforms) = preSolution
		Debug|Any CPU = Debug|Any CPU
		Release|Any CPU = Release|Any CPU
	EndGlobalSection
	GlobalSection(ProjectConfigurationPlatforms) = postSolution
		{2AC7F07E-BF10-4CEE-AE9F-78DEDDF2E432}.Debug|Any CPU.ActiveCfg = Debug|Any CPU
		{2AC7F07E-BF10-4CEE-AE9F-78DEDDF2E432}.Debug|Any CPU.Build.0 = Debug|Any CPU
		{2AC7F07E-BF10-4CEE-AE9F-78DEDDF2E432}.Release|Any CPU.ActiveCfg = Release|Any CPU
		{2AC7F07E-BF10-4CEE-AE9F-78DEDDF2E432}.Release|Any CPU.Build.0 = Release|Any CPU
		{30B9F596-4F0C-4F21-83ED-A9E1B8B5AC91}.Debug|Any CPU.ActiveCfg = Debug|Any CPU
		{30B9F596-4F0C-4F21-83ED-A9E1B8B5AC91}.Debug|Any CPU.Build.0 = Debug|Any CPU
		{30B9F596-4F0C-4F21-83ED-A9E1B8B5AC91}.Release|Any CPU.ActiveCfg = Release|Any CPU
		{30B9F596-4F0C-4F21-83ED-A9E1B8B5AC91}.Release|Any CPU.Build.0 = Release|Any CPU
		{F26920C5-D566-4F6E-9EF5-83C89452C4C3}.Debug|Any CPU.ActiveCfg = Debug|Any CPU
		{F26920C5-D566-4F6E-9EF5-83C89452C4C3}.Debug|Any CPU.Build.0 = Debug|Any CPU
		{F26920C5-D566-4F6E-9EF5-83C89452C4C3}.Release|Any CPU.ActiveCfg = Release|Any CPU
		{F26920C5-D566-4F6E-9EF5-83C89452C4C3}.Release|Any CPU.Build.0 = Release|Any CPU
		{93BACC1B-D136-4C88-A8D2-244E45508BB5}.Debug|Any CPU.ActiveCfg = Debug|Any CPU
		{93BACC1B-D136-4C88-A8D2-244E45508BB5}.Debug|Any CPU.Build.0 = Debug|Any CPU
		{93BACC1B-D136-4C88-A8D2-244E45508BB5}.Release|Any CPU.ActiveCfg = Release|Any CPU
		{93BACC1B-D136-4C88-A8D2-244E45508BB5}.Release|Any CPU.Build.0 = Release|Any CPU
		{FD82FCB9-F5AB-6695-B57D-028AD073943A}.Debug|Any CPU.ActiveCfg = Debug|Any CPU
		{FD82FCB9-F5AB-6695-B57D-028AD073943A}.Debug|Any CPU.Build.0 = Debug|Any CPU
		{FD82FCB9-F5AB-6695-B57D-028AD073943A}.Release|Any CPU.ActiveCfg = Release|Any CPU
		{FD82FCB9-F5AB-6695-B57D-028AD073943A}.Release|Any CPU.Build.0 = Release|Any CPU
	EndGlobalSection
	GlobalSection(SolutionProperties) = preSolution
		HideSolutionNode = FALSE
	EndGlobalSection
	GlobalSection(ExtensibilityGlobals) = postSolution
		SolutionGuid = {F582C70A-0793-4CE9-8EC8-A167799ED218}
	EndGlobalSection
EndGlobal
